
Microsoft Visual Studio Solution File, Format Version 12.00
# Visual Studio 14
VisualStudioVersion = 14.0.24720.0
MinimumVisualStudioVersion = 10.0.40219.1
Project("{FAE04EC0-301F-11D3-BF4B-00C04F79EFBC}") = "comp2007-s2016-team-proj", "comp2007-s2016-team-proj\comp2007-s2016-team-proj.csproj", "{5C76419B-DC33-4034-B672-D3AAD8D5C100}"
EndProject
Global
	GlobalSection(SolutionConfigurationPlatforms) = preSolution
		Debug|Any CPU = Debug|Any CPU
		Release|Any CPU = Release|Any CPU
	EndGlobalSection
	GlobalSection(ProjectConfigurationPlatforms) = postSolution
		{5C76419B-DC33-4034-B672-D3AAD8D5C100}.Debug|Any CPU.ActiveCfg = Debug|Any CPU
		{5C76419B-DC33-4034-B672-D3AAD8D5C100}.Debug|Any CPU.Build.0 = Debug|Any CPU
		{5C76419B-DC33-4034-B672-D3AAD8D5C100}.Release|Any CPU.ActiveCfg = Release|Any CPU
		{5C76419B-DC33-4034-B672-D3AAD8D5C100}.Release|Any CPU.Build.0 = Release|Any CPU
	EndGlobalSection
	GlobalSection(SolutionProperties) = preSolution
		HideSolutionNode = FALSE
	EndGlobalSection
EndGlobal
